{
  "name": "@sifive/coreplex-devices",
  "version": "0.0.3",
  "lockfileVersion": 1,
  "requires": true,
  "dependencies": {
    "@micro-os-plus/riscv-arch": {
      "version": "0.0.2",
      "requires": {
        "@micro-os-plus/startup": "1.0.1"
      },
      "dependencies": {
        "@micro-os-plus/startup": {
          "version": "1.0.1",
          "bundled": true,
          "requires": {
            "@micro-os-plus/c-libs": "1.0.1",
            "@micro-os-plus/cpp-libs": "1.0.1",
            "@micro-os-plus/diag-trace": "1.0.1"
          },
          "dependencies": {
            "@micro-os-plus/c-libs": {
              "version": "1.0.1",
              "bundled": true
            },
            "@micro-os-plus/cpp-libs": {
              "version": "1.0.1",
              "bundled": true
            },
            "@micro-os-plus/diag-trace": {
              "version": "1.0.1",
              "bundled": true
            }
          }
        }
      }
    }
  }
}
